// !$*UTF8*$!
{
	archiveVersion = 1;
	classes = {
	};
	objectVersion = 50;
	objects = {

/* Begin PBXBuildFile section */
		646AFE92245965B40094CC94 /* PIPWUsable.swift in Sources */ = {isa = PBXBuildFile; fileRef = 646AFE8F245965B40094CC94 /* PIPWUsable.swift */; };
		646AFE93245965B40094CC94 /* PIPWKitEventDispatcher.swift in Sources */ = {isa = PBXBuildFile; fileRef = 646AFE90245965B40094CC94 /* PIPWKitEventDispatcher.swift */; };
		646AFE94245965B40094CC94 /* PIPWKit.swift in Sources */ = {isa = PBXBuildFile; fileRef = 646AFE91245965B40094CC94 /* PIPWKit.swift */; };
		648CA4EE2458CC230093A020 /* AppDelegate.swift in Sources */ = {isa = PBXBuildFile; fileRef = 648CA4ED2458CC230093A020 /* AppDelegate.swift */; };
		648CA4F22458CC230093A020 /* ViewController.swift in Sources */ = {isa = PBXBuildFile; fileRef = 648CA4F12458CC230093A020 /* ViewController.swift */; };
		648CA4F52458CC230093A020 /* Main.storyboard in Resources */ = {isa = PBXBuildFile; fileRef = 648CA4F32458CC230093A020 /* Main.storyboard */; };
		648CA4F72458CC250093A020 /* Assets.xcassets in Resources */ = {isa = PBXBuildFile; fileRef = 648CA4F62458CC250093A020 /* Assets.xcassets */; };
		648CA4FA2458CC250093A020 /* LaunchScreen.storyboard in Resources */ = {isa = PBXBuildFile; fileRef = 648CA4F82458CC250093A020 /* LaunchScreen.storyboard */; };
/* End PBXBuildFile section */

/* Begin PBXFileReference section */
		646AFE8F245965B40094CC94 /* PIPWUsable.swift */ = {isa = PBXFileReference; fileEncoding = 4; lastKnownFileType = sourcecode.swift; path = PIPWUsable.swift; sourceTree = "<group>"; };
		646AFE90245965B40094CC94 /* PIPWKitEventDispatcher.swift */ = {isa = PBXFileReference; fileEncoding = 4; lastKnownFileType = sourcecode.swift; path = PIPWKitEventDispatcher.swift; sourceTree = "<group>"; };
		646AFE91245965B40094CC94 /* PIPWKit.swift */ = {isa = PBXFileReference; fileEncoding = 4; lastKnownFileType = sourcecode.swift; path = PIPWKit.swift; sourceTree = "<group>"; };
		648CA4EA2458CC230093A020 /* PIPWKitExample.app */ = {isa = PBXFileReference; explicitFileType = wrapper.application; includeInIndex = 0; path = PIPWKitExample.app; sourceTree = BUILT_PRODUCTS_DIR; };
		648CA4ED2458CC230093A020 /* AppDelegate.swift */ = {isa = PBXFileReference; lastKnownFileType = sourcecode.swift; path = AppDelegate.swift; sourceTree = "<group>"; };
		648CA4F12458CC230093A020 /* ViewController.swift */ = {isa = PBXFileReference; lastKnownFileType = sourcecode.swift; path = ViewController.swift; sourceTree = "<group>"; };
		648CA4F42458CC230093A020 /* Base */ = {isa = PBXFileReference; lastKnownFileType = file.storyboard; name = Base; path = Base.lproj/Main.storyboard; sourceTree = "<group>"; };
		648CA4F62458CC250093A020 /* Assets.xcassets */ = {isa = PBXFileReference; lastKnownFileType = folder.assetcatalog; path = Assets.xcassets; sourceTree = "<group>"; };
		648CA4F92458CC250093A020 /* Base */ = {isa = PBXFileReference; lastKnownFileType = file.storyboard; name = Base; path = Base.lproj/LaunchScreen.storyboard; sourceTree = "<group>"; };
		648CA4FB2458CC250093A020 /* Info.plist */ = {isa = PBXFileReference; lastKnownFileType = text.plist.xml; path = Info.plist; sourceTree = "<group>"; };
/* End PBXFileReference section */

/* Begin PBXFrameworksBuildPhase section */
		648CA4E72458CC230093A020 /* Frameworks */ = {
			isa = PBXFrameworksBuildPhase;
			buildActionMask = 2147483647;
			files = (
			);
			runOnlyForDeploymentPostprocessing = 0;
		};
/* End PBXFrameworksBuildPhase section */

/* Begin PBXGroup section */
		646AFE8E245965B40094CC94 /* Classes */ = {
			isa = PBXGroup;
			children = (
				646AFE8F245965B40094CC94 /* PIPWUsable.swift */,
				646AFE90245965B40094CC94 /* PIPWKitEventDispatcher.swift */,
				646AFE91245965B40094CC94 /* PIPWKit.swift */,
			);
			path = Classes;
			sourceTree = SOURCE_ROOT;
		};
		648CA4E12458CC230093A020 = {
			isa = PBXGroup;
			children = (
				648CA4EC2458CC230093A020 /* PIPWKitExample */,
				648CA4EB2458CC230093A020 /* Products */,
			);
			sourceTree = "<group>";
		};
		648CA4EB2458CC230093A020 /* Products */ = {
			isa = PBXGroup;
			children = (
				648CA4EA2458CC230093A020 /* PIPWKitExample.app */,
			);
			name = Products;
			sourceTree = "<group>";
		};
		648CA4EC2458CC230093A020 /* PIPWKitExample */ = {
			isa = PBXGroup;
			children = (
				646AFE8E245965B40094CC94 /* Classes */,
				648CA4ED2458CC230093A020 /* AppDelegate.swift */,
				648CA4F12458CC230093A020 /* ViewController.swift */,
				648CA4F32458CC230093A020 /* Main.storyboard */,
				648CA4F62458CC250093A020 /* Assets.xcassets */,
				648CA4F82458CC250093A020 /* LaunchScreen.storyboard */,
				648CA4FB2458CC250093A020 /* Info.plist */,
			);
			path = PIPWKitExample;
			sourceTree = "<group>";
		};
/* End PBXGroup section */

/* Begin PBXNativeTarget section */
		648CA4E92458CC230093A020 /* PIPWKitExample */ = {
			isa = PBXNativeTarget;
			buildConfigurationList = 648CA4FE2458CC250093A020 /* Build configuration list for PBXNativeTarget "PIPWKitExample" */;
			buildPhases = (
				648CA4E62458CC230093A020 /* Sources */,
				648CA4E72458CC230093A020 /* Frameworks */,
				648CA4E82458CC230093A020 /* Resources */,
			);
			buildRules = (
			);
			dependencies = (
			);
			name = PIPWKitExample;
			productName = PipWindow;
			productReference = 648CA4EA2458CC230093A020 /* PIPWKitExample.app */;
			productType = "com.apple.product-type.application";
		};
/* End PBXNativeTarget section */

/* Begin PBXProject section */
		648CA4E22458CC230093A020 /* Project object */ = {
			isa = PBXProject;
			attributes = {
				LastSwiftUpdateCheck = 1140;
				LastUpgradeCheck = 1140;
				ORGANIZATIONNAME = nexor;
				TargetAttributes = {
					648CA4E92458CC230093A020 = {
						CreatedOnToolsVersion = 11.4;
					};
				};
			};
			buildConfigurationList = 648CA4E52458CC230093A020 /* Build configuration list for PBXProject "PIPWKitExample" */;
			compatibilityVersion = "Xcode 9.3";
			developmentRegion = en;
			hasScannedForEncodings = 0;
			knownRegions = (
				en,
				Base,
			);
			mainGroup = 648CA4E12458CC230093A020;
			productRefGroup = 648CA4EB2458CC230093A020 /* Products */;
			projectDirPath = "";
			projectRoot = "";
			targets = (
				648CA4E92458CC230093A020 /* PIPWKitExample */,
			);
		};
/* End PBXProject section */

/* Begin PBXResourcesBuildPhase section */
		648CA4E82458CC230093A020 /* Resources */ = {
			isa = PBXResourcesBuildPhase;
			buildActionMask = 2147483647;
			files = (
				648CA4FA2458CC250093A020 /* LaunchScreen.storyboard in Resources */,
				648CA4F72458CC250093A020 /* Assets.xcassets in Resources */,
				648CA4F52458CC230093A020 /* Main.storyboard in Resources */,
			);
			runOnlyForDeploymentPostprocessing = 0;
		};
/* End PBXResourcesBuildPhase section */

/* Begin PBXSourcesBuildPhase section */
		648CA4E62458CC230093A020 /* Sources */ = {
			isa = PBXSourcesBuildPhase;
			buildActionMask = 2147483647;
			files = (
				646AFE93245965B40094CC94 /* PIPWKitEventDispatcher.swift in Sources */,
				646AFE92245965B40094CC94 /* PIPWUsable.swift in Sources */,
				646AFE94245965B40094CC94 /* PIPWKit.swift in Sources */,
				648CA4F22458CC230093A020 /* ViewController.swift in Sources */,
				648CA4EE2458CC230093A020 /* AppDelegate.swift in Sources */,
			);
			runOnlyForDeploymentPostprocessing = 0;
		};
/* End PBXSourcesBuildPhase section */

/* Begin PBXVariantGroup section */
		648CA4F32458CC230093A020 /* Main.storyboard */ = {
			isa = PBXVariantGroup;
			children = (
				648CA4F42458CC230093A020 /* Base */,
			);
			name = Main.storyboard;
			sourceTree = "<group>";
		};
		648CA4F82458CC250093A020 /* LaunchScreen.storyboard */ = {
			isa = PBXVariantGroup;
			children = (
				648CA4F92458CC250093A020 /* Base */,
			);
			name = LaunchScreen.storyboard;
			sourceTree = "<group>";
		};
/* End PBXVariantGroup section */

/* Begin XCBuildConfiguration section */
		648CA4FC2458CC250093A020 /* Debug */ = {
			isa = XCBuildConfiguration;
			buildSettings = {
				ALWAYS_SEARCH_USER_PATHS = NO;
				CLANG_ANALYZER_NONNULL = YES;
				CLANG_ANALYZER_NUMBER_OBJECT_CONVERSION = YES_AGGRESSIVE;
				CLANG_CXX_LANGUAGE_STANDARD = "gnu++14";
				CLANG_CXX_LIBRARY = "libc++";
				CLANG_ENABLE_MODULES = YES;
				CLANG_ENABLE_OBJC_ARC = YES;
				CLANG_ENABLE_OBJC_WEAK = YES;
				CLANG_WARN_BLOCK_CAPTURE_AUTORELEASING = YES;
				CLANG_WARN_BOOL_CONVERSION = YES;
				CLANG_WARN_COMMA = YES;
				CLANG_WARN_CONSTANT_CONVERSION = YES;
				CLANG_WARN_DEPRECATED_OBJC_IMPLEMENTATIONS = YES;
				CLANG_WARN_DIRECT_OBJC_ISA_USAGE = YES_ERROR;
				CLANG_WARN_DOCUMENTATION_COMMENTS = YES;
				CLANG_WARN_EMPTY_BODY = YES;
				CLANG_WARN_ENUM_CONVERSION = YES;
				CLANG_WARN_INFINITE_RECURSION = YES;
				CLANG_WARN_INT_CONVERSION = YES;
				CLANG_WARN_NON_LITERAL_NULL_CONVERSION = YES;
				CLANG_WARN_OBJC_IMPLICIT_RETAIN_SELF = YES;
				CLANG_WARN_OBJC_LITERAL_CONVERSION = YES;
				CLANG_WARN_OBJC_ROOT_CLASS = YES_ERROR;
				CLANG_WARN_RANGE_LOOP_ANALYSIS = YES;
				CLANG_WARN_STRICT_PROTOTYPES = YES;
				CLANG_WARN_SUSPICIOUS_MOVE = YES;
				CLANG_WARN_UNGUARDED_AVAILABILITY = YES_AGGRESSIVE;
				CLANG_WARN_UNREACHABLE_CODE = YES;
				CLANG_WARN__DUPLICATE_METHOD_MATCH = YES;
				COPY_PHASE_STRIP = NO;
				DEBUG_INFORMATION_FORMAT = dwarf;
				ENABLE_STRICT_OBJC_MSGSEND = YES;
				ENABLE_TESTABILITY = YES;
				GCC_C_LANGUAGE_STANDARD = gnu11;
				GCC_DYNAMIC_NO_PIC = NO;
				GCC_NO_COMMON_BLOCKS = YES;
				GCC_OPTIMIZATION_LEVEL = 0;
				GCC_PREPROCESSOR_DEFINITIONS = (
					"DEBUG=1",
					"$(inherited)",
				);
				GCC_WARN_64_TO_32_BIT_CONVERSION = YES;
				GCC_WARN_ABOUT_RETURN_TYPE = YES_ERROR;
				GCC_WARN_UNDECLARED_SELECTOR = YES;
				GCC_WARN_UNINITIALIZED_AUTOS = YES_AGGRESSIVE;
				GCC_WARN_UNUSED_FUNCTION = YES;
				GCC_WARN_UNUSED_VARIABLE = YES;
				IPHONEOS_DEPLOYMENT_TARGET = 11.0;
				MTL_ENABLE_DEBUG_INFO = INCLUDE_SOURCE;
				MTL_FAST_MATH = YES;
				ONLY_ACTIVE_ARCH = YES;
				SDKROOT = iphoneos;
				SWIFT_ACTIVE_COMPILATION_CONDITIONS = DEBUG;
				SWIFT_OPTIMIZATION_LEVEL = "-Onone";
			};
			name = Debug;
		};
		648CA4FD2458CC250093A020 /* Release */ = {
			isa = XCBuildConfiguration;
			buildSettings = {
				ALWAYS_SEARCH_USER_PATHS = NO;
				CLANG_ANALYZER_NONNULL = YES;
				CLANG_ANALYZER_NUMBER_OBJECT_CONVERSION = YES_AGGRESSIVE;
				CLANG_CXX_LANGUAGE_STANDARD = "gnu++14";
				CLANG_CXX_LIBRARY = "libc++";
				CLANG_ENABLE_MODULES = YES;
				CLANG_ENABLE_OBJC_ARC = YES;
				CLANG_ENABLE_OBJC_WEAK = YES;
				CLANG_WARN_BLOCK_CAPTURE_AUTORELEASING = YES;
				CLANG_WARN_BOOL_CONVERSION = YES;
				CLANG_WARN_COMMA = YES;
				CLANG_WARN_CONSTANT_CONVERSION = YES;
				CLANG_WARN_DEPRECATED_OBJC_IMPLEMENTATIONS = YES;
				CLANG_WARN_DIRECT_OBJC_ISA_USAGE = YES_ERROR;
				CLANG_WARN_DOCUMENTATION_COMMENTS = YES;
				CLANG_WARN_EMPTY_BODY = YES;
				CLANG_WARN_ENUM_CONVERSION = YES;
				CLANG_WARN_INFINITE_RECURSION = YES;
				CLANG_WARN_INT_CONVERSION = YES;
				CLANG_WARN_NON_LITERAL_NULL_CONVERSION = YES;
				CLANG_WARN_OBJC_IMPLICIT_RETAIN_SELF = YES;
				CLANG_WARN_OBJC_LITERAL_CONVERSION = YES;
				CLANG_WARN_OBJC_ROOT_CLASS = YES_ERROR;
				CLANG_WARN_RANGE_LOOP_ANALYSIS = YES;
				CLANG_WARN_STRICT_PROTOTYPES = YES;
				CLANG_WARN_SUSPICIOUS_MOVE = YES;
				CLANG_WARN_UNGUARDED_AVAILABILITY = YES_AGGRESSIVE;
				CLANG_WARN_UNREACHABLE_CODE = YES;
				CLANG_WARN__DUPLICATE_METHOD_MATCH = YES;
				COPY_PHASE_STRIP = NO;
				DEBUG_INFORMATION_FORMAT = "dwarf-with-dsym";
				ENABLE_NS_ASSERTIONS = NO;
				ENABLE_STRICT_OBJC_MSGSEND = YES;
				GCC_C_LANGUAGE_STANDARD = gnu11;
				GCC_NO_COMMON_BLOCKS = YES;
				GCC_WARN_64_TO_32_BIT_CONVERSION = YES;
				GCC_WARN_ABOUT_RETURN_TYPE = YES_ERROR;
				GCC_WARN_UNDECLARED_SELECTOR = YES;
				GCC_WARN_UNINITIALIZED_AUTOS = YES_AGGRESSIVE;
				GCC_WARN_UNUSED_FUNCTION = YES;
				GCC_WARN_UNUSED_VARIABLE = YES;
				IPHONEOS_DEPLOYMENT_TARGET = 11.0;
				MTL_ENABLE_DEBUG_INFO = NO;
				MTL_FAST_MATH = YES;
				SDKROOT = iphoneos;
				SWIFT_COMPILATION_MODE = wholemodule;
				SWIFT_OPTIMIZATION_LEVEL = "-O";
				VALIDATE_PRODUCT = YES;
			};
			name = Release;
		};
		648CA4FF2458CC250093A020 /* Debug */ = {
			isa = XCBuildConfiguration;
			buildSettings = {
				ASSETCATALOG_COMPILER_APPICON_NAME = AppIcon;
				CODE_SIGN_STYLE = Automatic;
				DEVELOPMENT_TEAM = B629US47XJ;
				INFOPLIST_FILE = PIPWKitExample/Info.plist;
				IPHONEOS_DEPLOYMENT_TARGET = 11.0;
				LD_RUNPATH_SEARCH_PATHS = (
					"$(inherited)",
					"@executable_path/Frameworks",
				);
				PRODUCT_BUNDLE_IDENTIFIER = it.nexor.PIPWKitExample;
				PRODUCT_NAME = "$(TARGET_NAME)";
				SWIFT_VERSION = 5.0;
				TARGETED_DEVICE_FAMILY = "1,2";
			};
			name = Debug;
		};
		648CA5002458CC250093A020 /* Release */ = {
			isa = XCBuildConfiguration;
			buildSettings = {
				ASSETCATALOG_COMPILER_APPICON_NAME = AppIcon;
				CODE_SIGN_STYLE = Automatic;
				DEVELOPMENT_TEAM = B629US47XJ;
				INFOPLIST_FILE = PIPWKitExample/Info.plist;
				IPHONEOS_DEPLOYMENT_TARGET = 11.0;
				LD_RUNPATH_SEARCH_PATHS = (
					"$(inherited)",
					"@executable_path/Frameworks",
				);
				PRODUCT_BUNDLE_IDENTIFIER = it.nexor.PIPWKitExample;
				PRODUCT_NAME = "$(TARGET_NAME)";
				SWIFT_VERSION = 5.0;
				TARGETED_DEVICE_FAMILY = "1,2";
			};
			name = Release;
		};
/* End XCBuildConfiguration section */

/* Begin XCConfigurationList section */
		648CA4E52458CC230093A020 /* Build configuration list for PBXProject "PIPWKitExample" */ = {
			isa = XCConfigurationList;
			buildConfigurations = (
				648CA4FC2458CC250093A020 /* Debug */,
				648CA4FD2458CC250093A020 /* Release */,
			);
			defaultConfigurationIsVisible = 0;
			defaultConfigurationName = Release;
		};
		648CA4FE2458CC250093A020 /* Build configuration list for PBXNativeTarget "PIPWKitExample" */ = {
			isa = XCConfigurationList;
			buildConfigurations = (
				648CA4FF2458CC250093A020 /* Debug */,
				648CA5002458CC250093A020 /* Release */,
			);
			defaultConfigurationIsVisible = 0;
			defaultConfigurationName = Release;
		};
/* End XCConfigurationList section */
	};
	rootObject = 648CA4E22458CC230093A020 /* Project object */;
}
